
Microsoft Visual Studio Solution File, Format Version 12.00
# Visual Studio 2013
VisualStudioVersion = 12.0.31101.0
MinimumVisualStudioVersion = 10.0.40219.1
Project("{FAE04EC0-301F-11D3-BF4B-00C04F79EFBC}") = "XinGePushSDK.NET", "XinGePushSDK.NET\XinGePushSDK.NET.csproj", "{8B456175-C602-4362-8961-098880FC726A}"
EndProject
Global
	GlobalSection(SolutionConfigurationPlatforms) = preSolution
		Debug|Any CPU = Debug|Any CPU
		Release|Any CPU = Release|Any CPU
	EndGlobalSection
	GlobalSection(ProjectConfigurationPlatforms) = postSolution
		{8B456175-C602-4362-8961-098880FC726A}.Debug|Any CPU.ActiveCfg = Debug|Any CPU
		{8B456175-C602-4362-8961-098880FC726A}.Debug|Any CPU.Build.0 = Debug|Any CPU
		{8B456175-C602-4362-8961-098880FC726A}.Release|Any CPU.ActiveCfg = Release|Any CPU
		{8B456175-C602-4362-8961-098880FC726A}.Release|Any CPU.Build.0 = Release|Any CPU
	EndGlobalSection
	GlobalSection(SolutionProperties) = preSolution
		HideSolutionNode = FALSE
	EndGlobalSection
EndGlobal
